
Microsoft Visual Studio Solution File, Format Version 12.00
# Visual Studio Version 16
VisualStudioVersion = 16.0.29613.14
MinimumVisualStudioVersion = 10.0.40219.1
Project("{888888A0-9F3D-457C-B088-3A5042F75D52}") = "Vid-to-GIF", "Vid-to-GIF\Vid-to-GIF.pyproj", "{5DD28994-6319-4C18-BD86-EC7796C91A14}"
EndProject
Project("{2150E333-8FDC-42A3-9474-1A3956D46DE8}") = "Solution Items", "Solution Items", "{742D2951-4E1B-44B4-B941-E7B990E6C8ED}"
	ProjectSection(SolutionItems) = preProject
		README.txt = README.txt
	EndProjectSection
EndProject
Global
	GlobalSection(SolutionConfigurationPlatforms) = preSolution
		Debug|Any CPU = Debug|Any CPU
		Release|Any CPU = Release|Any CPU
	EndGlobalSection
	GlobalSection(ProjectConfigurationPlatforms) = postSolution
		{5DD28994-6319-4C18-BD86-EC7796C91A14}.Debug|Any CPU.ActiveCfg = Debug|Any CPU
		{5DD28994-6319-4C18-BD86-EC7796C91A14}.Release|Any CPU.ActiveCfg = Release|Any CPU
	EndGlobalSection
	GlobalSection(SolutionProperties) = preSolution
		HideSolutionNode = FALSE
	EndGlobalSection
	GlobalSection(ExtensibilityGlobals) = postSolution
		SolutionGuid = {E900BA04-6645-437D-A0D9-194D5EA4D492}
	EndGlobalSection
EndGlobal
